
Microsoft Visual Studio Solution File, Format Version 12.00
# Visual Studio Version 16
VisualStudioVersion = 16.0.30804.86
MinimumVisualStudioVersion = 10.0.40219.1
Project("{FAE04EC0-301F-11D3-BF4B-00C04F79EFBC}") = "Lab1_cm", "Lab1_cm\Lab1_cm.csproj", "{43FE82DA-D1A5-4DCC-881F-36EAD1870F99}"
EndProject
Global
	GlobalSection(SolutionConfigurationPlatforms) = preSolution
		Debug|Any CPU = Debug|Any CPU
		Release|Any CPU = Release|Any CPU
	EndGlobalSection
	GlobalSection(ProjectConfigurationPlatforms) = postSolution
		{43FE82DA-D1A5-4DCC-881F-36EAD1870F99}.Debug|Any CPU.ActiveCfg = Debug|Any CPU
		{43FE82DA-D1A5-4DCC-881F-36EAD1870F99}.Debug|Any CPU.Build.0 = Debug|Any CPU
		{43FE82DA-D1A5-4DCC-881F-36EAD1870F99}.Release|Any CPU.ActiveCfg = Release|Any CPU
		{43FE82DA-D1A5-4DCC-881F-36EAD1870F99}.Release|Any CPU.Build.0 = Release|Any CPU
	EndGlobalSection
	GlobalSection(SolutionProperties) = preSolution
		HideSolutionNode = FALSE
	EndGlobalSection
	GlobalSection(ExtensibilityGlobals) = postSolution
		SolutionGuid = {B718E623-0273-4FFF-8C2E-62F16D7CA119}
	EndGlobalSection
EndGlobal
